
Microsoft Visual Studio Solution File, Format Version 12.00
# Visual Studio Version 17
VisualStudioVersion = 17.8.34511.84
MinimumVisualStudioVersion = 10.0.40219.1
Project("{FAE04EC0-301F-11D3-BF4B-00C04F79EFBC}") = "05.03", "05.03.csproj", "{198FB94A-526F-485A-8287-90013D2E2814}"
EndProject
Global
	GlobalSection(SolutionConfigurationPlatforms) = preSolution
		Debug|Any CPU = Debug|Any CPU
		Release|Any CPU = Release|Any CPU
	EndGlobalSection
	GlobalSection(ProjectConfigurationPlatforms) = postSolution
		{198FB94A-526F-485A-8287-90013D2E2814}.Debug|Any CPU.ActiveCfg = Debug|Any CPU
		{198FB94A-526F-485A-8287-90013D2E2814}.Debug|Any CPU.Build.0 = Debug|Any CPU
		{198FB94A-526F-485A-8287-90013D2E2814}.Release|Any CPU.ActiveCfg = Release|Any CPU
		{198FB94A-526F-485A-8287-90013D2E2814}.Release|Any CPU.Build.0 = Release|Any CPU
	EndGlobalSection
	GlobalSection(SolutionProperties) = preSolution
		HideSolutionNode = FALSE
	EndGlobalSection
	GlobalSection(ExtensibilityGlobals) = postSolution
		SolutionGuid = {7C84B298-4637-4D62-9737-0E0227C8ECD2}
	EndGlobalSection
EndGlobal
